dependencies:
- name: f5oclock-api
  repository: file://../api/chart
  version: 1.0.24
- name: f5oclock-client
  repository: file://../client/chart
  version: 0.1.51
- name: f5oclock-scraper
  repository: file://../scraper/chart
  version: 1.0.21
digest: sha256:1037f3313def51fed83107fe33894aad52af37da92d347ad865b4064ac4fca1d
generated: "2022-03-11T21:38:40.29655628Z"
