dependencies:
- name: f5oclock-api
  repository: file://../api/chart
  version: 1.0.32
- name: f5oclock-client
  repository: file://../client/chart
  version: 0.1.60
- name: f5oclock-scraper
  repository: file://../scraper/chart
  version: 1.0.25
digest: sha256:3535643c9d726bbd57d4fcb23d1d08e14ac67018bb26fe9a88c76e92999f6f4b
generated: "2023-12-17T17:57:06.917439488Z"
